
Microsoft Visual Studio Solution File, Format Version 12.00
# Visual Studio 15
VisualStudioVersion = 15.0.26730.16
MinimumVisualStudioVersion = 10.0.40219.1
Project("{FAE04EC0-301F-11D3-BF4B-00C04F79EFBC}") = "WSPhoto2.Android", "WSPhoto2\WSPhoto2.Android\WSPhoto2.Android.csproj", "{CAAB2D87-13CA-4449-BDCF-5C877F62D187}"
EndProject
Project("{FAE04EC0-301F-11D3-BF4B-00C04F79EFBC}") = "WSPhoto2", "WSPhoto2\WSPhoto2\WSPhoto2.csproj", "{23F3EDB8-D681-425A-9ECA-D2DC004B7E46}"
EndProject
Project("{FAE04EC0-301F-11D3-BF4B-00C04F79EFBC}") = "WSPhoto2.UWP", "WSPhoto2\WSPhoto2.UWP\WSPhoto2.UWP.csproj", "{21AB514C-07C1-4CF8-9FF7-50CC976E1B86}"
EndProject
Project("{FAE04EC0-301F-11D3-BF4B-00C04F79EFBC}") = "WSPhoto2.iOS", "WSPhoto2\WSPhoto2.iOS\WSPhoto2.iOS.csproj", "{CE711F7F-CF87-46E9-BD4C-3242B38D2918}"
EndProject
Global
	GlobalSection(SolutionConfigurationPlatforms) = preSolution
		Ad-Hoc|Any CPU = Ad-Hoc|Any CPU
		Ad-Hoc|ARM = Ad-Hoc|ARM
		Ad-Hoc|iPhone = Ad-Hoc|iPhone
		Ad-Hoc|iPhoneSimulator = Ad-Hoc|iPhoneSimulator
		Ad-Hoc|x64 = Ad-Hoc|x64
		Ad-Hoc|x86 = Ad-Hoc|x86
		AppStore|Any CPU = AppStore|Any CPU
		AppStore|ARM = AppStore|ARM
		AppStore|iPhone = AppStore|iPhone
		AppStore|iPhoneSimulator = AppStore|iPhoneSimulator
		AppStore|x64 = AppStore|x64
		AppStore|x86 = AppStore|x86
		Debug|Any CPU = Debug|Any CPU
		Debug|ARM = Debug|ARM
		Debug|iPhone = Debug|iPhone
		Debug|iPhoneSimulator = Debug|iPhoneSimulator
		Debug|x64 = Debug|x64
		Debug|x86 = Debug|x86
		Release|Any CPU = Release|Any CPU
		Release|ARM = Release|ARM
		Release|iPhone = Release|iPhone
		Release|iPhoneSimulator = Release|iPhoneSimulator
		Release|x64 = Release|x64
		Release|x86 = Release|x86
	EndGlobalSection
	GlobalSection(ProjectConfigurationPlatforms) = postSolution
		{CAAB2D87-13CA-4449-BDCF-5C877F62D187}.Ad-Hoc|Any CPU.ActiveCfg = Release|Any CPU
		{CAAB2D87-13CA-4449-BDCF-5C877F62D187}.Ad-Hoc|Any CPU.Build.0 = Release|Any CPU
		{CAAB2D87-13CA-4449-BDCF-5C877F62D187}.Ad-Hoc|Any CPU.Deploy.0 = Release|Any CPU
		{CAAB2D87-13CA-4449-BDCF-5C877F62D187}.Ad-Hoc|ARM.ActiveCfg = Release|Any CPU
		{CAAB2D87-13CA-4449-BDCF-5C877F62D187}.Ad-Hoc|ARM.Build.0 = Release|Any CPU
		{CAAB2D87-13CA-4449-BDCF-5C877F62D187}.Ad-Hoc|ARM.Deploy.0 = Release|Any CPU
		{CAAB2D87-13CA-4449-BDCF-5C877F62D187}.Ad-Hoc|iPhone.ActiveCfg = Release|Any CPU
		{CAAB2D87-13CA-4449-BDCF-5C877F62D187}.Ad-Hoc|iPhone.Build.0 = Release|Any CPU
		{CAAB2D87-13CA-4449-BDCF-5C877F62D187}.Ad-Hoc|iPhone.Deploy.0 = Release|Any CPU
		{CAAB2D87-13CA-4449-BDCF-5C877F62D187}.Ad-Hoc|iPhoneSimulator.ActiveCfg = Release|Any CPU
		{CAAB2D87-13CA-4449-BDCF-5C877F62D187}.Ad-Hoc|iPhoneSimulator.Build.0 = Release|Any CPU
		{CAAB2D87-13CA-4449-BDCF-5C877F62D187}.Ad-Hoc|iPhoneSimulator.Deploy.0 = Release|Any CPU
		{CAAB2D87-13CA-4449-BDCF-5C877F62D187}.Ad-Hoc|x64.ActiveCfg = Release|Any CPU
		{CAAB2D87-13CA-4449-BDCF-5C877F62D187}.Ad-Hoc|x64.Build.0 = Release|Any CPU
		{CAAB2D87-13CA-4449-BDCF-5C877F62D187}.Ad-Hoc|x64.Deploy.0 = Release|Any CPU
		{CAAB2D87-13CA-4449-BDCF-5C877F62D187}.Ad-Hoc|x86.ActiveCfg = Release|Any CPU
		{CAAB2D87-13CA-4449-BDCF-5C877F62D187}.Ad-Hoc|x86.Build.0 = Release|Any CPU
		{CAAB2D87-13CA-4449-BDCF-5C877F62D187}.Ad-Hoc|x86.Deploy.0 = Release|Any CPU
		{CAAB2D87-13CA-4449-BDCF-5C877F62D187}.AppStore|Any CPU.ActiveCfg = Release|Any CPU
		{CAAB2D87-13CA-4449-BDCF-5C877F62D187}.AppStore|Any CPU.Build.0 = Release|Any CPU
		{CAAB2D87-13CA-4449-BDCF-5C877F62D187}.AppStore|Any CPU.Deploy.0 = Release|Any CPU
		{CAAB2D87-13CA-4449-BDCF-5C877F62D187}.AppStore|ARM.ActiveCfg = Release|Any CPU
		{CAAB2D87-13CA-4449-BDCF-5C877F62D187}.AppStore|ARM.Build.0 = Release|Any CPU
		{CAAB2D87-13CA-4449-BDCF-5C877F62D187}.AppStore|ARM.Deploy.0 = Release|Any CPU
		{CAAB2D87-13CA-4449-BDCF-5C877F62D187}.AppStore|iPhone.ActiveCfg = Release|Any CPU
		{CAAB2D87-13CA-4449-BDCF-5C877F62D187}.AppStore|iPhone.Build.0 = Release|Any CPU
		{CAAB2D87-13CA-4449-BDCF-5C877F62D187}.AppStore|iPhone.Deploy.0 = Release|Any CPU
		{CAAB2D87-13CA-4449-BDCF-5C877F62D187}.AppStore|iPhoneSimulator.ActiveCfg = Release|Any CPU
		{CAAB2D87-13CA-4449-BDCF-5C877F62D187}.AppStore|iPhoneSimulator.Build.0 = Release|Any CPU
		{CAAB2D87-13CA-4449-BDCF-5C877F62D187}.AppStore|iPhoneSimulator.Deploy.0 = Release|Any CPU
		{CAAB2D87-13CA-4449-BDCF-5C877F62D187}.AppStore|x64.ActiveCfg = Release|Any CPU
		{CAAB2D87-13CA-4449-BDCF-5C877F62D187}.AppStore|x64.Build.0 = Release|Any CPU
		{CAAB2D87-13CA-4449-BDCF-5C877F62D187}.AppStore|x64.Deploy.0 = Release|Any CPU
		{CAAB2D87-13CA-4449-BDCF-5C877F62D187}.AppStore|x86.ActiveCfg = Release|Any CPU
		{CAAB2D87-13CA-4449-BDCF-5C877F62D187}.AppStore|x86.Build.0 = Release|Any CPU
		{CAAB2D87-13CA-4449-BDCF-5C877F62D187}.AppStore|x86.Deploy.0 = Release|Any CPU
		{CAAB2D87-13CA-4449-BDCF-5C877F62D187}.Debug|Any CPU.ActiveCfg = Debug|Any CPU
		{CAAB2D87-13CA-4449-BDCF-5C877F62D187}.Debug|Any CPU.Build.0 = Debug|Any CPU
		{CAAB2D87-13CA-4449-BDCF-5C877F62D187}.Debug|Any CPU.Deploy.0 = Debug|Any CPU
		{CAAB2D87-13CA-4449-BDCF-5C877F62D187}.Debug|ARM.ActiveCfg = Debug|Any CPU
		{CAAB2D87-13CA-4449-BDCF-5C877F62D187}.Debug|ARM.Build.0 = Debug|Any CPU
		{CAAB2D87-13CA-4449-BDCF-5C877F62D187}.Debug|ARM.Deploy.0 = Debug|Any CPU
		{CAAB2D87-13CA-4449-BDCF-5C877F62D187}.Debug|iPhone.ActiveCfg = Debug|Any CPU
		{CAAB2D87-13CA-4449-BDCF-5C877F62D187}.Debug|iPhone.Build.0 = Debug|Any CPU
		{CAAB2D87-13CA-4449-BDCF-5C877F62D187}.Debug|iPhone.Deploy.0 = Debug|Any CPU
		{CAAB2D87-13CA-4449-BDCF-5C877F62D187}.Debug|iPhoneSimulator.ActiveCfg = Debug|Any CPU
		{CAAB2D87-13CA-4449-BDCF-5C877F62D187}.Debug|iPhoneSimulator.Build.0 = Debug|Any CPU
		{CAAB2D87-13CA-4449-BDCF-5C877F62D187}.Debug|iPhoneSimulator.Deploy.0 = Debug|Any CPU
		{CAAB2D87-13CA-4449-BDCF-5C877F62D187}.Debug|x64.ActiveCfg = Debug|Any CPU
		{CAAB2D87-13CA-4449-BDCF-5C877F62D187}.Debug|x64.Build.0 = Debug|Any CPU
		{CAAB2D87-13CA-4449-BDCF-5C877F62D187}.Debug|x64.Deploy.0 = Debug|Any CPU
		{CAAB2D87-13CA-4449-BDCF-5C877F62D187}.Debug|x86.ActiveCfg = Debug|Any CPU
		{CAAB2D87-13CA-4449-BDCF-5C877F62D187}.Debug|x86.Build.0 = Debug|Any CPU
		{CAAB2D87-13CA-4449-BDCF-5C877F62D187}.Debug|x86.Deploy.0 = Debug|Any CPU
		{CAAB2D87-13CA-4449-BDCF-5C877F62D187}.Release|Any CPU.ActiveCfg = Release|Any CPU
		{CAAB2D87-13CA-4449-BDCF-5C877F62D187}.Release|Any CPU.Build.0 = Release|Any CPU
		{CAAB2D87-13CA-4449-BDCF-5C877F62D187}.Release|Any CPU.Deploy.0 = Release|Any CPU
		{CAAB2D87-13CA-4449-BDCF-5C877F62D187}.Release|ARM.ActiveCfg = Release|Any CPU
		{CAAB2D87-13CA-4449-BDCF-5C877F62D187}.Release|ARM.Build.0 = Release|Any CPU
		{CAAB2D87-13CA-4449-BDCF-5C877F62D187}.Release|ARM.Deploy.0 = Release|Any CPU
		{CAAB2D87-13CA-4449-BDCF-5C877F62D187}.Release|iPhone.ActiveCfg = Release|Any CPU
		{CAAB2D87-13CA-4449-BDCF-5C877F62D187}.Release|iPhone.Build.0 = Release|Any CPU
		{CAAB2D87-13CA-4449-BDCF-5C877F62D187}.Release|iPhone.Deploy.0 = Release|Any CPU
		{CAAB2D87-13CA-4449-BDCF-5C877F62D187}.Release|iPhoneSimulator.ActiveCfg = Release|Any CPU
		{CAAB2D87-13CA-4449-BDCF-5C877F62D187}.Release|iPhoneSimulator.Build.0 = Release|Any CPU
		{CAAB2D87-13CA-4449-BDCF-5C877F62D187}.Release|iPhoneSimulator.Deploy.0 = Release|Any CPU
		{CAAB2D87-13CA-4449-BDCF-5C877F62D187}.Release|x64.ActiveCfg = Release|Any CPU
		{CAAB2D87-13CA-4449-BDCF-5C877F62D187}.Release|x64.Build.0 = Release|Any CPU
		{CAAB2D87-13CA-4449-BDCF-5C877F62D187}.Release|x64.Deploy.0 = Release|Any CPU
		{CAAB2D87-13CA-4449-BDCF-5C877F62D187}.Release|x86.ActiveCfg = Release|Any CPU
		{CAAB2D87-13CA-4449-BDCF-5C877F62D187}.Release|x86.Build.0 = Release|Any CPU
		{CAAB2D87-13CA-4449-BDCF-5C877F62D187}.Release|x86.Deploy.0 = Release|Any CPU
		{23F3EDB8-D681-425A-9ECA-D2DC004B7E46}.Ad-Hoc|Any CPU.ActiveCfg = Release|Any CPU
		{23F3EDB8-D681-425A-9ECA-D2DC004B7E46}.Ad-Hoc|Any CPU.Build.0 = Release|Any CPU
		{23F3EDB8-D681-425A-9ECA-D2DC004B7E46}.Ad-Hoc|ARM.ActiveCfg = Release|Any CPU
		{23F3EDB8-D681-425A-9ECA-D2DC004B7E46}.Ad-Hoc|ARM.Build.0 = Release|Any CPU
		{23F3EDB8-D681-425A-9ECA-D2DC004B7E46}.Ad-Hoc|iPhone.ActiveCfg = Release|Any CPU
		{23F3EDB8-D681-425A-9ECA-D2DC004B7E46}.Ad-Hoc|iPhone.Build.0 = Release|Any CPU
		{23F3EDB8-D681-425A-9ECA-D2DC004B7E46}.Ad-Hoc|iPhoneSimulator.ActiveCfg = Release|Any CPU
		{23F3EDB8-D681-425A-9ECA-D2DC004B7E46}.Ad-Hoc|iPhoneSimulator.Build.0 = Release|Any CPU
		{23F3EDB8-D681-425A-9ECA-D2DC004B7E46}.Ad-Hoc|x64.ActiveCfg = Release|Any CPU
		{23F3EDB8-D681-425A-9ECA-D2DC004B7E46}.Ad-Hoc|x64.Build.0 = Release|Any CPU
		{23F3EDB8-D681-425A-9ECA-D2DC004B7E46}.Ad-Hoc|x86.ActiveCfg = Release|Any CPU
		{23F3EDB8-D681-425A-9ECA-D2DC004B7E46}.Ad-Hoc|x86.Build.0 = Release|Any CPU
		{23F3EDB8-D681-425A-9ECA-D2DC004B7E46}.AppStore|Any CPU.ActiveCfg = Release|Any CPU
		{23F3EDB8-D681-425A-9ECA-D2DC004B7E46}.AppStore|Any CPU.Build.0 = Release|Any CPU
		{23F3EDB8-D681-425A-9ECA-D2DC004B7E46}.AppStore|ARM.ActiveCfg = Release|Any CPU
		{23F3EDB8-D681-425A-9ECA-D2DC004B7E46}.AppStore|ARM.Build.0 = Release|Any CPU
		{23F3EDB8-D681-425A-9ECA-D2DC004B7E46}.AppStore|iPhone.ActiveCfg = Release|Any CPU
		{23F3EDB8-D681-425A-9ECA-D2DC004B7E46}.AppStore|iPhone.Build.0 = Release|Any CPU
		{23F3EDB8-D681-425A-9ECA-D2DC004B7E46}.AppStore|iPhoneSimulator.ActiveCfg = Release|Any CPU
		{23F3EDB8-D681-425A-9ECA-D2DC004B7E46}.AppStore|iPhoneSimulator.Build.0 = Release|Any CPU
		{23F3EDB8-D681-425A-9ECA-D2DC004B7E46}.AppStore|x64.ActiveCfg = Release|Any CPU
		{23F3EDB8-D681-425A-9ECA-D2DC004B7E46}.AppStore|x64.Build.0 = Release|Any CPU
		{23F3EDB8-D681-425A-9ECA-D2DC004B7E46}.AppStore|x86.ActiveCfg = Release|Any CPU
		{23F3EDB8-D681-425A-9ECA-D2DC004B7E46}.AppStore|x86.Build.0 = Release|Any CPU
		{23F3EDB8-D681-425A-9ECA-D2DC004B7E46}.Debug|Any CPU.ActiveCfg = Debug|Any CPU
		{23F3EDB8-D681-425A-9ECA-D2DC004B7E46}.Debug|Any CPU.Build.0 = Debug|Any CPU
		{23F3EDB8-D681-425A-9ECA-D2DC004B7E46}.Debug|ARM.ActiveCfg = Debug|Any CPU
		{23F3EDB8-D681-425A-9ECA-D2DC004B7E46}.Debug|ARM.Build.0 = Debug|Any CPU
		{23F3EDB8-D681-425A-9ECA-D2DC004B7E46}.Debug|iPhone.ActiveCfg = Debug|Any CPU
		{23F3EDB8-D681-425A-9ECA-D2DC004B7E46}.Debug|iPhone.Build.0 = Debug|Any CPU
		{23F3EDB8-D681-425A-9ECA-D2DC004B7E46}.Debug|iPhoneSimulator.ActiveCfg = Debug|Any CPU
		{23F3EDB8-D681-425A-9ECA-D2DC004B7E46}.Debug|iPhoneSimulator.Build.0 = Debug|Any CPU
		{23F3EDB8-D681-425A-9ECA-D2DC004B7E46}.Debug|x64.ActiveCfg = Debug|Any CPU
		{23F3EDB8-D681-425A-9ECA-D2DC004B7E46}.Debug|x64.Build.0 = Debug|Any CPU
		{23F3EDB8-D681-425A-9ECA-D2DC004B7E46}.Debug|x86.ActiveCfg = Debug|Any CPU
		{23F3EDB8-D681-425A-9ECA-D2DC004B7E46}.Debug|x86.Build.0 = Debug|Any CPU
		{23F3EDB8-D681-425A-9ECA-D2DC004B7E46}.Release|Any CPU.ActiveCfg = Release|Any CPU
		{23F3EDB8-D681-425A-9ECA-D2DC004B7E46}.Release|Any CPU.Build.0 = Release|Any CPU
		{23F3EDB8-D681-425A-9ECA-D2DC004B7E46}.Release|ARM.ActiveCfg = Release|Any CPU
		{23F3EDB8-D681-425A-9ECA-D2DC004B7E46}.Release|ARM.Build.0 = Release|Any CPU
		{23F3EDB8-D681-425A-9ECA-D2DC004B7E46}.Release|iPhone.ActiveCfg = Release|Any CPU
		{23F3EDB8-D681-425A-9ECA-D2DC004B7E46}.Release|iPhone.Build.0 = Release|Any CPU
		{23F3EDB8-D681-425A-9ECA-D2DC004B7E46}.Release|iPhoneSimulator.ActiveCfg = Release|Any CPU
		{23F3EDB8-D681-425A-9ECA-D2DC004B7E46}.Release|iPhoneSimulator.Build.0 = Release|Any CPU
		{23F3EDB8-D681-425A-9ECA-D2DC004B7E46}.Release|x64.ActiveCfg = Release|Any CPU
		{23F3EDB8-D681-425A-9ECA-D2DC004B7E46}.Release|x64.Build.0 = Release|Any CPU
		{23F3EDB8-D681-425A-9ECA-D2DC004B7E46}.Release|x86.ActiveCfg = Release|Any CPU
		{23F3EDB8-D681-425A-9ECA-D2DC004B7E46}.Release|x86.Build.0 = Release|Any CPU
		{21AB514C-07C1-4CF8-9FF7-50CC976E1B86}.Ad-Hoc|Any CPU.ActiveCfg = Release|x86
		{21AB514C-07C1-4CF8-9FF7-50CC976E1B86}.Ad-Hoc|Any CPU.Build.0 = Release|x86
		{21AB514C-07C1-4CF8-9FF7-50CC976E1B86}.Ad-Hoc|Any CPU.Deploy.0 = Release|x86
		{21AB514C-07C1-4CF8-9FF7-50CC976E1B86}.Ad-Hoc|ARM.ActiveCfg = Release|ARM
		{21AB514C-07C1-4CF8-9FF7-50CC976E1B86}.Ad-Hoc|ARM.Build.0 = Release|ARM
		{21AB514C-07C1-4CF8-9FF7-50CC976E1B86}.Ad-Hoc|ARM.Deploy.0 = Release|ARM
		{21AB514C-07C1-4CF8-9FF7-50CC976E1B86}.Ad-Hoc|iPhone.ActiveCfg = Release|x86
		{21AB514C-07C1-4CF8-9FF7-50CC976E1B86}.Ad-Hoc|iPhone.Build.0 = Release|x86
		{21AB514C-07C1-4CF8-9FF7-50CC976E1B86}.Ad-Hoc|iPhone.Deploy.0 = Release|x86
		{21AB514C-07C1-4CF8-9FF7-50CC976E1B86}.Ad-Hoc|iPhoneSimulator.ActiveCfg = Release|x86
		{21AB514C-07C1-4CF8-9FF7-50CC976E1B86}.Ad-Hoc|iPhoneSimulator.Build.0 = Release|x86
		{21AB514C-07C1-4CF8-9FF7-50CC976E1B86}.Ad-Hoc|iPhoneSimulator.Deploy.0 = Release|x86
		{21AB514C-07C1-4CF8-9FF7-50CC976E1B86}.Ad-Hoc|x64.ActiveCfg = Release|x64
		{21AB514C-07C1-4CF8-9FF7-50CC976E1B86}.Ad-Hoc|x64.Build.0 = Release|x64
		{21AB514C-07C1-4CF8-9FF7-50CC976E1B86}.Ad-Hoc|x64.Deploy.0 = Release|x64
		{21AB514C-07C1-4CF8-9FF7-50CC976E1B86}.Ad-Hoc|x86.ActiveCfg = Release|x86
		{21AB514C-07C1-4CF8-9FF7-50CC976E1B86}.Ad-Hoc|x86.Build.0 = Release|x86
		{21AB514C-07C1-4CF8-9FF7-50CC976E1B86}.Ad-Hoc|x86.Deploy.0 = Release|x86
		{21AB514C-07C1-4CF8-9FF7-50CC976E1B86}.AppStore|Any CPU.ActiveCfg = Release|x86
		{21AB514C-07C1-4CF8-9FF7-50CC976E1B86}.AppStore|Any CPU.Build.0 = Release|x86
		{21AB514C-07C1-4CF8-9FF7-50CC976E1B86}.AppStore|Any CPU.Deploy.0 = Release|x86
		{21AB514C-07C1-4CF8-9FF7-50CC976E1B86}.AppStore|ARM.ActiveCfg = Release|ARM
		{21AB514C-07C1-4CF8-9FF7-50CC976E1B86}.AppStore|ARM.Build.0 = Release|ARM
		{21AB514C-07C1-4CF8-9FF7-50CC976E1B86}.AppStore|ARM.Deploy.0 = Release|ARM
		{21AB514C-07C1-4CF8-9FF7-50CC976E1B86}.AppStore|iPhone.ActiveCfg = Release|x86
		{21AB514C-07C1-4CF8-9FF7-50CC976E1B86}.AppStore|iPhone.Build.0 = Release|x86
		{21AB514C-07C1-4CF8-9FF7-50CC976E1B86}.AppStore|iPhone.Deploy.0 = Release|x86
		{21AB514C-07C1-4CF8-9FF7-50CC976E1B86}.AppStore|iPhoneSimulator.ActiveCfg = Release|x86
		{21AB514C-07C1-4CF8-9FF7-50CC976E1B86}.AppStore|iPhoneSimulator.Build.0 = Release|x86
		{21AB514C-07C1-4CF8-9FF7-50CC976E1B86}.AppStore|iPhoneSimulator.Deploy.0 = Release|x86
		{21AB514C-07C1-4CF8-9FF7-50CC976E1B86}.AppStore|x64.ActiveCfg = Release|x64
		{21AB514C-07C1-4CF8-9FF7-50CC976E1B86}.AppStore|x64.Build.0 = Release|x64
		{21AB514C-07C1-4CF8-9FF7-50CC976E1B86}.AppStore|x64.Deploy.0 = Release|x64
		{21AB514C-07C1-4CF8-9FF7-50CC976E1B86}.AppStore|x86.ActiveCfg = Release|x86
		{21AB514C-07C1-4CF8-9FF7-50CC976E1B86}.AppStore|x86.Build.0 = Release|x86
		{21AB514C-07C1-4CF8-9FF7-50CC976E1B86}.AppStore|x86.Deploy.0 = Release|x86
		{21AB514C-07C1-4CF8-9FF7-50CC976E1B86}.Debug|Any CPU.ActiveCfg = Debug|x86
		{21AB514C-07C1-4CF8-9FF7-50CC976E1B86}.Debug|ARM.ActiveCfg = Debug|ARM
		{21AB514C-07C1-4CF8-9FF7-50CC976E1B86}.Debug|ARM.Build.0 = Debug|ARM
		{21AB514C-07C1-4CF8-9FF7-50CC976E1B86}.Debug|ARM.Deploy.0 = Debug|ARM
		{21AB514C-07C1-4CF8-9FF7-50CC976E1B86}.Debug|iPhone.ActiveCfg = Debug|x86
		{21AB514C-07C1-4CF8-9FF7-50CC976E1B86}.Debug|iPhoneSimulator.ActiveCfg = Debug|x86
		{21AB514C-07C1-4CF8-9FF7-50CC976E1B86}.Debug|x64.ActiveCfg = Debug|x64
		{21AB514C-07C1-4CF8-9FF7-50CC976E1B86}.Debug|x64.Build.0 = Debug|x64
		{21AB514C-07C1-4CF8-9FF7-50CC976E1B86}.Debug|x64.Deploy.0 = Debug|x64
		{21AB514C-07C1-4CF8-9FF7-50CC976E1B86}.Debug|x86.ActiveCfg = Debug|x86
		{21AB514C-07C1-4CF8-9FF7-50CC976E1B86}.Debug|x86.Build.0 = Debug|x86
		{21AB514C-07C1-4CF8-9FF7-50CC976E1B86}.Debug|x86.Deploy.0 = Debug|x86
		{21AB514C-07C1-4CF8-9FF7-50CC976E1B86}.Release|Any CPU.ActiveCfg = Release|x86
		{21AB514C-07C1-4CF8-9FF7-50CC976E1B86}.Release|ARM.ActiveCfg = Release|ARM
		{21AB514C-07C1-4CF8-9FF7-50CC976E1B86}.Release|ARM.Build.0 = Release|ARM
		{21AB514C-07C1-4CF8-9FF7-50CC976E1B86}.Release|ARM.Deploy.0 = Release|ARM
		{21AB514C-07C1-4CF8-9FF7-50CC976E1B86}.Release|iPhone.ActiveCfg = Release|x86
		{21AB514C-07C1-4CF8-9FF7-50CC976E1B86}.Release|iPhoneSimulator.ActiveCfg = Release|x86
		{21AB514C-07C1-4CF8-9FF7-50CC976E1B86}.Release|x64.ActiveCfg = Release|x64
		{21AB514C-07C1-4CF8-9FF7-50CC976E1B86}.Release|x64.Build.0 = Release|x64
		{21AB514C-07C1-4CF8-9FF7-50CC976E1B86}.Release|x64.Deploy.0 = Release|x64
		{21AB514C-07C1-4CF8-9FF7-50CC976E1B86}.Release|x86.ActiveCfg = Release|x86
		{21AB514C-07C1-4CF8-9FF7-50CC976E1B86}.Release|x86.Build.0 = Release|x86
		{21AB514C-07C1-4CF8-9FF7-50CC976E1B86}.Release|x86.Deploy.0 = Release|x86
		{CE711F7F-CF87-46E9-BD4C-3242B38D2918}.Ad-Hoc|Any CPU.ActiveCfg = Ad-Hoc|iPhone
		{CE711F7F-CF87-46E9-BD4C-3242B38D2918}.Ad-Hoc|ARM.ActiveCfg = Ad-Hoc|iPhone
		{CE711F7F-CF87-46E9-BD4C-3242B38D2918}.Ad-Hoc|iPhone.ActiveCfg = Ad-Hoc|iPhone
		{CE711F7F-CF87-46E9-BD4C-3242B38D2918}.Ad-Hoc|iPhone.Build.0 = Ad-Hoc|iPhone
		{CE711F7F-CF87-46E9-BD4C-3242B38D2918}.Ad-Hoc|iPhoneSimulator.ActiveCfg = Ad-Hoc|iPhoneSimulator
		{CE711F7F-CF87-46E9-BD4C-3242B38D2918}.Ad-Hoc|iPhoneSimulator.Build.0 = Ad-Hoc|iPhoneSimulator
		{CE711F7F-CF87-46E9-BD4C-3242B38D2918}.Ad-Hoc|x64.ActiveCfg = Ad-Hoc|iPhone
		{CE711F7F-CF87-46E9-BD4C-3242B38D2918}.Ad-Hoc|x86.ActiveCfg = Ad-Hoc|iPhone
		{CE711F7F-CF87-46E9-BD4C-3242B38D2918}.AppStore|Any CPU.ActiveCfg = AppStore|iPhone
		{CE711F7F-CF87-46E9-BD4C-3242B38D2918}.AppStore|ARM.ActiveCfg = AppStore|iPhone
		{CE711F7F-CF87-46E9-BD4C-3242B38D2918}.AppStore|iPhone.ActiveCfg = AppStore|iPhone
		{CE711F7F-CF87-46E9-BD4C-3242B38D2918}.AppStore|iPhone.Build.0 = AppStore|iPhone
		{CE711F7F-CF87-46E9-BD4C-3242B38D2918}.AppStore|iPhoneSimulator.ActiveCfg = AppStore|iPhoneSimulator
		{CE711F7F-CF87-46E9-BD4C-3242B38D2918}.AppStore|iPhoneSimulator.Build.0 = AppStore|iPhoneSimulator
		{CE711F7F-CF87-46E9-BD4C-3242B38D2918}.AppStore|x64.ActiveCfg = AppStore|iPhone
		{CE711F7F-CF87-46E9-BD4C-3242B38D2918}.AppStore|x86.ActiveCfg = AppStore|iPhone
		{CE711F7F-CF87-46E9-BD4C-3242B38D2918}.Debug|Any CPU.ActiveCfg = Debug|iPhone
		{CE711F7F-CF87-46E9-BD4C-3242B38D2918}.Debug|ARM.ActiveCfg = Debug|iPhone
		{CE711F7F-CF87-46E9-BD4C-3242B38D2918}.Debug|iPhone.ActiveCfg = Debug|iPhone
		{CE711F7F-CF87-46E9-BD4C-3242B38D2918}.Debug|iPhone.Build.0 = Debug|iPhone
		{CE711F7F-CF87-46E9-BD4C-3242B38D2918}.Debug|iPhoneSimulator.ActiveCfg = Debug|iPhoneSimulator
		{CE711F7F-CF87-46E9-BD4C-3242B38D2918}.Debug|iPhoneSimulator.Build.0 = Debug|iPhoneSimulator
		{CE711F7F-CF87-46E9-BD4C-3242B38D2918}.Debug|x64.ActiveCfg = Debug|iPhone
		{CE711F7F-CF87-46E9-BD4C-3242B38D2918}.Debug|x86.ActiveCfg = Debug|iPhone
		{CE711F7F-CF87-46E9-BD4C-3242B38D2918}.Release|Any CPU.ActiveCfg = Release|iPhone
		{CE711F7F-CF87-46E9-BD4C-3242B38D2918}.Release|ARM.ActiveCfg = Release|iPhone
		{CE711F7F-CF87-46E9-BD4C-3242B38D2918}.Release|iPhone.ActiveCfg = Release|iPhone
		{CE711F7F-CF87-46E9-BD4C-3242B38D2918}.Release|iPhone.Build.0 = Release|iPhone
		{CE711F7F-CF87-46E9-BD4C-3242B38D2918}.Release|iPhoneSimulator.ActiveCfg = Release|iPhoneSimulator
		{CE711F7F-CF87-46E9-BD4C-3242B38D2918}.Release|iPhoneSimulator.Build.0 = Release|iPhoneSimulator
		{CE711F7F-CF87-46E9-BD4C-3242B38D2918}.Release|x64.ActiveCfg = Release|iPhone
		{CE711F7F-CF87-46E9-BD4C-3242B38D2918}.Release|x86.ActiveCfg = Release|iPhone
	EndGlobalSection
	GlobalSection(SolutionProperties) = preSolution
		HideSolutionNode = FALSE
	EndGlobalSection
	GlobalSection(ExtensibilityGlobals) = postSolution
		SolutionGuid = {4F080E52-B364-4E5D-9477-756589A39B6D}
	EndGlobalSection
EndGlobal
